
Microsoft Visual Studio Solution File, Format Version 12.00
# Visual Studio Version 17
VisualStudioVersion = 17.5.002.0
MinimumVisualStudioVersion = 10.0.40219.1
Project("{9A19103F-16F7-4668-BE54-9A1E7A4F7556}") = "DesafioProjetoHospedagem", "DesafioProjetoHospedagem.csproj", "{709BAEB6-0D1E-4CF9-BFF9-8EE766936533}"
EndProject
Global
	GlobalSection(SolutionConfigurationPlatforms) = preSolution
		Debug|Any CPU = Debug|Any CPU
		Release|Any CPU = Release|Any CPU
	EndGlobalSection
	GlobalSection(ProjectConfigurationPlatforms) = postSolution
		{709BAEB6-0D1E-4CF9-BFF9-8EE766936533}.Debug|Any CPU.ActiveCfg = Debug|Any CPU
		{709BAEB6-0D1E-4CF9-BFF9-8EE766936533}.Debug|Any CPU.Build.0 = Debug|Any CPU
		{709BAEB6-0D1E-4CF9-BFF9-8EE766936533}.Release|Any CPU.ActiveCfg = Release|Any CPU
		{709BAEB6-0D1E-4CF9-BFF9-8EE766936533}.Release|Any CPU.Build.0 = Release|Any CPU
	EndGlobalSection
	GlobalSection(SolutionProperties) = preSolution
		HideSolutionNode = FALSE
	EndGlobalSection
	GlobalSection(ExtensibilityGlobals) = postSolution
		SolutionGuid = {C585FBB0-620D-43CE-9208-CD9E6965EC40}
	EndGlobalSection
EndGlobal
